
Microsoft Visual Studio Solution File, Format Version 12.00
# Visual Studio Version 16
VisualStudioVersion = 16.0.29409.12
MinimumVisualStudioVersion = 10.0.40219.1
Project("{FAE04EC0-301F-11D3-BF4B-00C04F79EFBC}") = "Traficante.Studio", "Traficante.Studio\Traficante.Studio.csproj", "{B9BEDE63-0A5B-4A1F-BA18-992831BCECF0}"
EndProject
Global
	GlobalSection(SolutionConfigurationPlatforms) = preSolution
		Debug|Any CPU = Debug|Any CPU
		Release|Any CPU = Release|Any CPU
	EndGlobalSection
	GlobalSection(ProjectConfigurationPlatforms) = postSolution
		{B9BEDE63-0A5B-4A1F-BA18-992831BCECF0}.Debug|Any CPU.ActiveCfg = Debug|Any CPU
		{B9BEDE63-0A5B-4A1F-BA18-992831BCECF0}.Debug|Any CPU.Build.0 = Debug|Any CPU
		{B9BEDE63-0A5B-4A1F-BA18-992831BCECF0}.Release|Any CPU.ActiveCfg = Release|Any CPU
		{B9BEDE63-0A5B-4A1F-BA18-992831BCECF0}.Release|Any CPU.Build.0 = Release|Any CPU
	EndGlobalSection
	GlobalSection(SolutionProperties) = preSolution
		HideSolutionNode = FALSE
	EndGlobalSection
	GlobalSection(ExtensibilityGlobals) = postSolution
		SolutionGuid = {F043121C-D32F-4700-97F6-363CE84F0494}
	EndGlobalSection
EndGlobal
