
Microsoft Visual Studio Solution File, Format Version 12.00
# Visual Studio 15
VisualStudioVersion = 15.0.27130.2036
MinimumVisualStudioVersion = 10.0.40219.1
Project("{9A19103F-16F7-4668-BE54-9A1E7A4F7556}") = "Traficante.TSQL", ""Traficante.TSQL\Traficante.TSQL.csproj", "{B50CC668-94C3-429A-9D1F-45F4BB40CB0B}"
EndProject
Project("{9A19103F-16F7-4668-BE54-9A1E7A4F7556}") = "Traficante.TSQL.Tests", ""Traficante.TSQL.Tests\Traficante.TSQL.Tests.csproj", "{A04EDDB1-F09A-499F-BC2C-9714E9234C9C}"
EndProject
Global
	GlobalSection(SolutionConfigurationPlatforms) = preSolution
		Debug|Any CPU = Debug|Any CPU
		Debug|x64 = Debug|x64
		Release|Any CPU = Release|Any CPU
		Release|x64 = Release|x64
	EndGlobalSection
	GlobalSection(ProjectConfigurationPlatforms) = postSolution
		{B50CC668-94C3-429A-9D1F-45F4BB40CB0B}.Debug|Any CPU.ActiveCfg = Debug|Any CPU
		{B50CC668-94C3-429A-9D1F-45F4BB40CB0B}.Debug|Any CPU.Build.0 = Debug|Any CPU
		{B50CC668-94C3-429A-9D1F-45F4BB40CB0B}.Debug|x64.ActiveCfg = Debug|x64
		{B50CC668-94C3-429A-9D1F-45F4BB40CB0B}.Debug|x64.Build.0 = Debug|x64
		{B50CC668-94C3-429A-9D1F-45F4BB40CB0B}.Release|Any CPU.ActiveCfg = Release|Any CPU
		{B50CC668-94C3-429A-9D1F-45F4BB40CB0B}.Release|Any CPU.Build.0 = Release|Any CPU
		{B50CC668-94C3-429A-9D1F-45F4BB40CB0B}.Release|x64.ActiveCfg = Release|x64
		{B50CC668-94C3-429A-9D1F-45F4BB40CB0B}.Release|x64.Build.0 = Release|x64
		{A04EDDB1-F09A-499F-BC2C-9714E9234C9C}.Debug|Any CPU.ActiveCfg = Debug|Any CPU
		{A04EDDB1-F09A-499F-BC2C-9714E9234C9C}.Debug|Any CPU.Build.0 = Debug|Any CPU
		{A04EDDB1-F09A-499F-BC2C-9714E9234C9C}.Debug|x64.ActiveCfg = Debug|Any CPU
		{A04EDDB1-F09A-499F-BC2C-9714E9234C9C}.Debug|x64.Build.0 = Debug|Any CPU
		{A04EDDB1-F09A-499F-BC2C-9714E9234C9C}.Release|Any CPU.ActiveCfg = Release|Any CPU
		{A04EDDB1-F09A-499F-BC2C-9714E9234C9C}.Release|Any CPU.Build.0 = Release|Any CPU
		{A04EDDB1-F09A-499F-BC2C-9714E9234C9C}.Release|x64.ActiveCfg = Release|Any CPU
		{A04EDDB1-F09A-499F-BC2C-9714E9234C9C}.Release|x64.Build.0 = Release|Any CPU
	EndGlobalSection
	GlobalSection(SolutionProperties) = preSolution
		HideSolutionNode = FALSE
	EndGlobalSection
	GlobalSection(ExtensibilityGlobals) = postSolution
		SolutionGuid = {141FB08E-DEFC-43AF-A4A2-F740E7E8328C}
	EndGlobalSection
	GlobalSection(Performance) = preSolution
		HasPerformanceSessions = true
	EndGlobalSection
	GlobalSection(Performance) = preSolution
		HasPerformanceSessions = true
	EndGlobalSection
	GlobalSection(Performance) = preSolution
		HasPerformanceSessions = true
	EndGlobalSection
	GlobalSection(Performance) = preSolution
		HasPerformanceSessions = true
	EndGlobalSection
	GlobalSection(Performance) = preSolution
		HasPerformanceSessions = true
	EndGlobalSection
	GlobalSection(Performance) = preSolution
		HasPerformanceSessions = true
	EndGlobalSection
EndGlobal
